// !$*UTF8*$!
{
	archiveVersion = 1;
	classes = {
	};
	objectVersion = 46;
	objects = {

/* Begin PBXBuildFile section */
		A05D127B1B4F3136009F9251 /* main.m in Sources */ = {isa = PBXBuildFile; fileRef = A05D127A1B4F3136009F9251 /* main.m */; };
		A05D127E1B4F3136009F9251 /* AppDelegate.m in Sources */ = {isa = PBXBuildFile; fileRef = A05D127D1B4F3136009F9251 /* AppDelegate.m */; };
		A05D12811B4F3136009F9251 /* FirstViewController.m in Sources */ = {isa = PBXBuildFile; fileRef = A05D12801B4F3136009F9251 /* FirstViewController.m */; };
		A05D12841B4F3136009F9251 /* SecondViewController.m in Sources */ = {isa = PBXBuildFile; fileRef = A05D12831B4F3136009F9251 /* SecondViewController.m */; };
		A05D12871B4F3136009F9251 /* Main.storyboard in Resources */ = {isa = PBXBuildFile; fileRef = A05D12851B4F3136009F9251 /* Main.storyboard */; };
		A05D12891B4F3136009F9251 /* Images.xcassets in Resources */ = {isa = PBXBuildFile; fileRef = A05D12881B4F3136009F9251 /* Images.xcassets */; };
		A05D128C1B4F3136009F9251 /* LaunchScreen.xib in Resources */ = {isa = PBXBuildFile; fileRef = A05D128A1B4F3136009F9251 /* LaunchScreen.xib */; };
		A05D12981B4F3136009F9251 /* TestTests.m in Sources */ = {isa = PBXBuildFile; fileRef = A05D12971B4F3136009F9251 /* TestTests.m */; };
		A05D12A21B4F32D9009F9251 /* dog.jpeg in Resources */ = {isa = PBXBuildFile; fileRef = A05D12A11B4F32D9009F9251 /* dog.jpeg */; };
/* End PBXBuildFile section */

/* Begin PBXContainerItemProxy section */
		A05D12921B4F3136009F9251 /* PBXContainerItemProxy */ = {
			isa = PBXContainerItemProxy;
			containerPortal = A05D126D1B4F3136009F9251 /* Project object */;
			proxyType = 1;
			remoteGlobalIDString = A05D12741B4F3136009F9251;
			remoteInfo = Test;
		};
/* End PBXContainerItemProxy section */

/* Begin PBXFileReference section */
		A05D12751B4F3136009F9251 /* Test.app */ = {isa = PBXFileReference; explicitFileType = wrapper.application; includeInIndex = 0; path = Test.app; sourceTree = BUILT_PRODUCTS_DIR; };
		A05D12791B4F3136009F9251 /* Info.plist */ = {isa = PBXFileReference; lastKnownFileType = text.plist.xml; path = Info.plist; sourceTree = "<group>"; };
		A05D127A1B4F3136009F9251 /* main.m */ = {isa = PBXFileReference; lastKnownFileType = sourcecode.c.objc; path = main.m; sourceTree = "<group>"; };
		A05D127C1B4F3136009F9251 /* AppDelegate.h */ = {isa = PBXFileReference; lastKnownFileType = sourcecode.c.h; path = AppDelegate.h; sourceTree = "<group>"; };
		A05D127D1B4F3136009F9251 /* AppDelegate.m */ = {isa = PBXFileReference; lastKnownFileType = sourcecode.c.objc; path = AppDelegate.m; sourceTree = "<group>"; };
		A05D127F1B4F3136009F9251 /* FirstViewController.h */ = {isa = PBXFileReference; lastKnownFileType = sourcecode.c.h; path = FirstViewController.h; sourceTree = "<group>"; };
		A05D12801B4F3136009F9251 /* FirstViewController.m */ = {isa = PBXFileReference; lastKnownFileType = sourcecode.c.objc; path = FirstViewController.m; sourceTree = "<group>"; };
		A05D12821B4F3136009F9251 /* SecondViewController.h */ = {isa = PBXFileReference; lastKnownFileType = sourcecode.c.h; path = SecondViewController.h; sourceTree = "<group>"; };
		A05D12831B4F3136009F9251 /* SecondViewController.m */ = {isa = PBXFileReference; lastKnownFileType = sourcecode.c.objc; path = SecondViewController.m; sourceTree = "<group>"; };
		A05D12861B4F3136009F9251 /* Base */ = {isa = PBXFileReference; lastKnownFileType = file.storyboard; name = Base; path = Base.lproj/Main.storyboard; sourceTree = "<group>"; };
		A05D12881B4F3136009F9251 /* Images.xcassets */ = {isa = PBXFileReference; lastKnownFileType = folder.assetcatalog; path = Images.xcassets; sourceTree = "<group>"; };
		A05D128B1B4F3136009F9251 /* Base */ = {isa = PBXFileReference; lastKnownFileType = file.xib; name = Base; path = Base.lproj/LaunchScreen.xib; sourceTree = "<group>"; };
		A05D12911B4F3136009F9251 /* TestTests.xctest */ = {isa = PBXFileReference; explicitFileType = wrapper.cfbundle; includeInIndex = 0; path = TestTests.xctest; sourceTree = BUILT_PRODUCTS_DIR; };
		A05D12961B4F3136009F9251 /* Info.plist */ = {isa = PBXFileReference; lastKnownFileType = text.plist.xml; path = Info.plist; sourceTree = "<group>"; };
		A05D12971B4F3136009F9251 /* TestTests.m */ = {isa = PBXFileReference; lastKnownFileType = sourcecode.c.objc; path = TestTests.m; sourceTree = "<group>"; };
		A05D12A11B4F32D9009F9251 /* dog.jpeg */ = {isa = PBXFileReference; lastKnownFileType = image.jpeg; name = dog.jpeg; path = ../../../Desktop/dog.jpeg; sourceTree = "<group>"; };
/* End PBXFileReference section */

/* Begin PBXFrameworksBuildPhase section */
		A05D12721B4F3136009F9251 /* Frameworks */ = {
			isa = PBXFrameworksBuildPhase;
			buildActionMask = 2147483647;
			files = (
			);
			runOnlyForDeploymentPostprocessing = 0;
		};
		A05D128E1B4F3136009F9251 /* Frameworks */ = {
			isa = PBXFrameworksBuildPhase;
			buildActionMask = 2147483647;
			files = (
			);
			runOnlyForDeploymentPostprocessing = 0;
		};
/* End PBXFrameworksBuildPhase section */

/* Begin PBXGroup section */
		A05D126C1B4F3136009F9251 = {
			isa = PBXGroup;
			children = (
				A05D12771B4F3136009F9251 /* Test */,
				A05D12941B4F3136009F9251 /* TestTests */,
				A05D12761B4F3136009F9251 /* Products */,
			);
			sourceTree = "<group>";
		};
		A05D12761B4F3136009F9251 /* Products */ = {
			isa = PBXGroup;
			children = (
				A05D12751B4F3136009F9251 /* Test.app */,
				A05D12911B4F3136009F9251 /* TestTests.xctest */,
			);
			name = Products;
			sourceTree = "<group>";
		};
		A05D12771B4F3136009F9251 /* Test */ = {
			isa = PBXGroup;
			children = (
				A05D127C1B4F3136009F9251 /* AppDelegate.h */,
				A05D127D1B4F3136009F9251 /* AppDelegate.m */,
				A05D127F1B4F3136009F9251 /* FirstViewController.h */,
				A05D12801B4F3136009F9251 /* FirstViewController.m */,
				A05D12821B4F3136009F9251 /* SecondViewController.h */,
				A05D12831B4F3136009F9251 /* SecondViewController.m */,
				A05D12851B4F3136009F9251 /* Main.storyboard */,
				A05D12881B4F3136009F9251 /* Images.xcassets */,
				A05D12A11B4F32D9009F9251 /* dog.jpeg */,
				A05D128A1B4F3136009F9251 /* LaunchScreen.xib */,
				A05D12781B4F3136009F9251 /* Supporting Files */,
			);
			path = Test;
			sourceTree = "<group>";
		};
		A05D12781B4F3136009F9251 /* Supporting Files */ = {
			isa = PBXGroup;
			children = (
				A05D12791B4F3136009F9251 /* Info.plist */,
				A05D127A1B4F3136009F9251 /* main.m */,
			);
			name = "Supporting Files";
			sourceTree = "<group>";
		};
		A05D12941B4F3136009F9251 /* TestTests */ = {
			isa = PBXGroup;
			children = (
				A05D12971B4F3136009F9251 /* TestTests.m */,
				A05D12951B4F3136009F9251 /* Supporting Files */,
			);
			path = TestTests;
			sourceTree = "<group>";
		};
		A05D12951B4F3136009F9251 /* Supporting Files */ = {
			isa = PBXGroup;
			children = (
				A05D12961B4F3136009F9251 /* Info.plist */,
			);
			name = "Supporting Files";
			sourceTree = "<group>";
		};
/* End PBXGroup section */

/* Begin PBXNativeTarget section */
		A05D12741B4F3136009F9251 /* Test */ = {
			isa = PBXNativeTarget;
			buildConfigurationList = A05D129B1B4F3136009F9251 /* Build configuration list for PBXNativeTarget "Test" */;
			buildPhases = (
				A05D12711B4F3136009F9251 /* Sources */,
				A05D12721B4F3136009F9251 /* Frameworks */,
				A05D12731B4F3136009F9251 /* Resources */,
			);
			buildRules = (
			);
			dependencies = (
			);
			name = Test;
			productName = Test;
			productReference = A05D12751B4F3136009F9251 /* Test.app */;
			productType = "com.apple.product-type.application";
		};
		A05D12901B4F3136009F9251 /* TestTests */ = {
			isa = PBXNativeTarget;
			buildConfigurationList = A05D129E1B4F3136009F9251 /* Build configuration list for PBXNativeTarget "TestTests" */;
			buildPhases = (
				A05D128D1B4F3136009F9251 /* Sources */,
				A05D128E1B4F3136009F9251 /* Frameworks */,
				A05D128F1B4F3136009F9251 /* Resources */,
			);
			buildRules = (
			);
			dependencies = (
				A05D12931B4F3136009F9251 /* PBXTargetDependency */,
			);
			name = TestTests;
			productName = TestTests;
			productReference = A05D12911B4F3136009F9251 /* TestTests.xctest */;
			productType = "com.apple.product-type.bundle.unit-test";
		};
/* End PBXNativeTarget section */

/* Begin PBXProject section */
		A05D126D1B4F3136009F9251 /* Project object */ = {
			isa = PBXProject;
			attributes = {
				LastUpgradeCheck = 0630;
				ORGANIZATIONNAME = Demo;
				TargetAttributes = {
					A05D12741B4F3136009F9251 = {
						CreatedOnToolsVersion = 6.3.1;
					};
					A05D12901B4F3136009F9251 = {
						CreatedOnToolsVersion = 6.3.1;
						TestTargetID = A05D12741B4F3136009F9251;
					};
				};
			};
			buildConfigurationList = A05D12701B4F3136009F9251 /* Build configuration list for PBXProject "Test" */;
			compatibilityVersion = "Xcode 3.2";
			developmentRegion = English;
			hasScannedForEncodings = 0;
			knownRegions = (
				en,
				Base,
			);
			mainGroup = A05D126C1B4F3136009F9251;
			productRefGroup = A05D12761B4F3136009F9251 /* Products */;
			projectDirPath = "";
			projectRoot = "";
			targets = (
				A05D12741B4F3136009F9251 /* Test */,
				A05D12901B4F3136009F9251 /* TestTests */,
			);
		};
/* End PBXProject section */

/* Begin PBXResourcesBuildPhase section */
		A05D12731B4F3136009F9251 /* Resources */ = {
			isa = PBXResourcesBuildPhase;
			buildActionMask = 2147483647;
			files = (
				A05D12871B4F3136009F9251 /* Main.storyboard in Resources */,
				A05D128C1B4F3136009F9251 /* LaunchScreen.xib in Resources */,
				A05D12A21B4F32D9009F9251 /* dog.jpeg in Resources */,
				A05D12891B4F3136009F9251 /* Images.xcassets in Resources */,
			);
			runOnlyForDeploymentPostprocessing = 0;
		};
		A05D128F1B4F3136009F9251 /* Resources */ = {
			isa = PBXResourcesBuildPhase;
			buildActionMask = 2147483647;
			files = (
			);
			runOnlyForDeploymentPostprocessing = 0;
		};
/* End PBXResourcesBuildPhase section */

/* Begin PBXSourcesBuildPhase section */
		A05D12711B4F3136009F9251 /* Sources */ = {
			isa = PBXSourcesBuildPhase;
			buildActionMask = 2147483647;
			files = (
				A05D12841B4F3136009F9251 /* SecondViewController.m in Sources */,
				A05D127E1B4F3136009F9251 /* AppDelegate.m in Sources */,
				A05D12811B4F3136009F9251 /* FirstViewController.m in Sources */,
				A05D127B1B4F3136009F9251 /* main.m in Sources */,
			);
			runOnlyForDeploymentPostprocessing = 0;
		};
		A05D128D1B4F3136009F9251 /* Sources */ = {
			isa = PBXSourcesBuildPhase;
			buildActionMask = 2147483647;
			files = (
				A05D12981B4F3136009F9251 /* TestTests.m in Sources */,
			);
			runOnlyForDeploymentPostprocessing = 0;
		};
/* End PBXSourcesBuildPhase section */

/* Begin PBXTargetDependency section */
		A05D12931B4F3136009F9251 /* PBXTargetDependency */ = {
			isa = PBXTargetDependency;
			target = A05D12741B4F3136009F9251 /* Test */;
			targetProxy = A05D12921B4F3136009F9251 /* PBXContainerItemProxy */;
		};
/* End PBXTargetDependency section */

/* Begin PBXVariantGroup section */
		A05D12851B4F3136009F9251 /* Main.storyboard */ = {
			isa = PBXVariantGroup;
			children = (
				A05D12861B4F3136009F9251 /* Base */,
			);
			name = Main.storyboard;
			sourceTree = "<group>";
		};
		A05D128A1B4F3136009F9251 /* LaunchScreen.xib */ = {
			isa = PBXVariantGroup;
			children = (
				A05D128B1B4F3136009F9251 /* Base */,
			);
			name = LaunchScreen.xib;
			sourceTree = "<group>";
		};
/* End PBXVariantGroup section */

/* Begin XCBuildConfiguration section */
		A05D12991B4F3136009F9251 /* Debug */ = {
			isa = XCBuildConfiguration;
			buildSettings = {
				ALWAYS_SEARCH_USER_PATHS = NO;
				CLANG_CXX_LANGUAGE_STANDARD = "gnu++0x";
				CLANG_CXX_LIBRARY = "libc++";
				CLANG_ENABLE_MODULES = YES;
				CLANG_ENABLE_OBJC_ARC = YES;
				CLANG_WARN_BOOL_CONVERSION = YES;
				CLANG_WARN_CONSTANT_CONVERSION = YES;
				CLANG_WARN_DIRECT_OBJC_ISA_USAGE = YES_ERROR;
				CLANG_WARN_EMPTY_BODY = YES;
				CLANG_WARN_ENUM_CONVERSION = YES;
				CLANG_WARN_INT_CONVERSION = YES;
				CLANG_WARN_OBJC_ROOT_CLASS = YES_ERROR;
				CLANG_WARN_UNREACHABLE_CODE = YES;
				CLANG_WARN__DUPLICATE_METHOD_MATCH = YES;
				"CODE_SIGN_IDENTITY[sdk=iphoneos*]" = "iPhone Developer";
				COPY_PHASE_STRIP = NO;
				DEBUG_INFORMATION_FORMAT = "dwarf-with-dsym";
				ENABLE_STRICT_OBJC_MSGSEND = YES;
				GCC_C_LANGUAGE_STANDARD = gnu99;
				GCC_DYNAMIC_NO_PIC = NO;
				GCC_NO_COMMON_BLOCKS = YES;
				GCC_OPTIMIZATION_LEVEL = 0;
				GCC_PREPROCESSOR_DEFINITIONS = (
					"DEBUG=1",
					"$(inherited)",
				);
				GCC_SYMBOLS_PRIVATE_EXTERN = NO;
				GCC_WARN_64_TO_32_BIT_CONVERSION = YES;
				GCC_WARN_ABOUT_RETURN_TYPE = YES_ERROR;
				GCC_WARN_UNDECLARED_SELECTOR = YES;
				GCC_WARN_UNINITIALIZED_AUTOS = YES_AGGRESSIVE;
				GCC_WARN_UNUSED_FUNCTION = YES;
				GCC_WARN_UNUSED_VARIABLE = YES;
				IPHONEOS_DEPLOYMENT_TARGET = 8.3;
				MTL_ENABLE_DEBUG_INFO = YES;
				ONLY_ACTIVE_ARCH = YES;
				SDKROOT = iphoneos;
			};
			name = Debug;
		};
		A05D129A1B4F3136009F9251 /* Release */ = {
			isa = XCBuildConfiguration;
			buildSettings = {
				ALWAYS_SEARCH_USER_PATHS = NO;
				CLANG_CXX_LANGUAGE_STANDARD = "gnu++0x";
				CLANG_CXX_LIBRARY = "libc++";
				CLANG_ENABLE_MODULES = YES;
				CLANG_ENABLE_OBJC_ARC = YES;
				CLANG_WARN_BOOL_CONVERSION = YES;
				CLANG_WARN_CONSTANT_CONVERSION = YES;
				CLANG_WARN_DIRECT_OBJC_ISA_USAGE = YES_ERROR;
				CLANG_WARN_EMPTY_BODY = YES;
				CLANG_WARN_ENUM_CONVERSION = YES;
				CLANG_WARN_INT_CONVERSION = YES;
				CLANG_WARN_OBJC_ROOT_CLASS = YES_ERROR;
				CLANG_WARN_UNREACHABLE_CODE = YES;
				CLANG_WARN__DUPLICATE_METHOD_MATCH = YES;
				"CODE_SIGN_IDENTITY[sdk=iphoneos*]" = "iPhone Developer";
				COPY_PHASE_STRIP = NO;
				DEBUG_INFORMATION_FORMAT = "dwarf-with-dsym";
				ENABLE_NS_ASSERTIONS = NO;
				ENABLE_STRICT_OBJC_MSGSEND = YES;
				GCC_C_LANGUAGE_STANDARD = gnu99;
				GCC_NO_COMMON_BLOCKS = YES;
				GCC_WARN_64_TO_32_BIT_CONVERSION = YES;
				GCC_WARN_ABOUT_RETURN_TYPE = YES_ERROR;
				GCC_WARN_UNDECLARED_SELECTOR = YES;
				GCC_WARN_UNINITIALIZED_AUTOS = YES_AGGRESSIVE;
				GCC_WARN_UNUSED_FUNCTION = YES;
				GCC_WARN_UNUSED_VARIABLE = YES;
				IPHONEOS_DEPLOYMENT_TARGET = 8.3;
				MTL_ENABLE_DEBUG_INFO = NO;
				SDKROOT = iphoneos;
				VALIDATE_PRODUCT = YES;
			};
			name = Release;
		};
		A05D129C1B4F3136009F9251 /* Debug */ = {
			isa = XCBuildConfiguration;
			buildSettings = {
				ASSETCATALOG_COMPILER_APPICON_NAME = AppIcon;
				INFOPLIST_FILE = Test/Info.plist;
				LD_RUNPATH_SEARCH_PATHS = "$(inherited) @executable_path/Frameworks";
				PRODUCT_NAME = "$(TARGET_NAME)";
			};
			name = Debug;
		};
		A05D129D1B4F3136009F9251 /* Release */ = {
			isa = XCBuildConfiguration;
			buildSettings = {
				ASSETCATALOG_COMPILER_APPICON_NAME = AppIcon;
				INFOPLIST_FILE = Test/Info.plist;
				LD_RUNPATH_SEARCH_PATHS = "$(inherited) @executable_path/Frameworks";
				PRODUCT_NAME = "$(TARGET_NAME)";
			};
			name = Release;
		};
		A05D129F1B4F3136009F9251 /* Debug */ = {
			isa = XCBuildConfiguration;
			buildSettings = {
				BUNDLE_LOADER = "$(TEST_HOST)";
				FRAMEWORK_SEARCH_PATHS = (
					"$(SDKROOT)/Developer/Library/Frameworks",
					"$(inherited)",
				);
				GCC_PREPROCESSOR_DEFINITIONS = (
					"DEBUG=1",
					"$(inherited)",
				);
				INFOPLIST_FILE = TestTests/Info.plist;
				LD_RUNPATH_SEARCH_PATHS = "$(inherited) @executable_path/Frameworks @loader_path/Frameworks";
				PRODUCT_NAME = "$(TARGET_NAME)";
				TEST_HOST = "$(BUILT_PRODUCTS_DIR)/Test.app/Test";
			};
			name = Debug;
		};
		A05D12A01B4F3136009F9251 /* Release */ = {
			isa = XCBuildConfiguration;
			buildSettings = {
				BUNDLE_LOADER = "$(TEST_HOST)";
				FRAMEWORK_SEARCH_PATHS = (
					"$(SDKROOT)/Developer/Library/Frameworks",
					"$(inherited)",
				);
				INFOPLIST_FILE = TestTests/Info.plist;
				LD_RUNPATH_SEARCH_PATHS = "$(inherited) @executable_path/Frameworks @loader_path/Frameworks";
				PRODUCT_NAME = "$(TARGET_NAME)";
				TEST_HOST = "$(BUILT_PRODUCTS_DIR)/Test.app/Test";
			};
			name = Release;
		};
/* End XCBuildConfiguration section */

/* Begin XCConfigurationList section */
		A05D12701B4F3136009F9251 /* Build configuration list for PBXProject "Test" */ = {
			isa = XCConfigurationList;
			buildConfigurations = (
				A05D12991B4F3136009F9251 /* Debug */,
				A05D129A1B4F3136009F9251 /* Release */,
			);
			defaultConfigurationIsVisible = 0;
			defaultConfigurationName = Release;
		};
		A05D129B1B4F3136009F9251 /* Build configuration list for PBXNativeTarget "Test" */ = {
			isa = XCConfigurationList;
			buildConfigurations = (
				A05D129C1B4F3136009F9251 /* Debug */,
				A05D129D1B4F3136009F9251 /* Release */,
			);
			defaultConfigurationIsVisible = 0;
		};
		A05D129E1B4F3136009F9251 /* Build configuration list for PBXNativeTarget "TestTests" */ = {
			isa = XCConfigurationList;
			buildConfigurations = (
				A05D129F1B4F3136009F9251 /* Debug */,
				A05D12A01B4F3136009F9251 /* Release */,
			);
			defaultConfigurationIsVisible = 0;
		};
/* End XCConfigurationList section */
	};
	rootObject = A05D126D1B4F3136009F9251 /* Project object */;
}
